
Microsoft Visual Studio Solution File, Format Version 12.00
# Visual Studio Version 18
VisualStudioVersion = 18.0.11005.162
MinimumVisualStudioVersion = 10.0.40219.1
Project("{2150E333-8FDC-42A3-9474-1A3956D46DE8}") = "src", "src", "{0FEECE0F-34AA-4882-A306-8A14F9E40428}"
EndProject
Project("{FAE04EC0-301F-11D3-BF4B-00C04F79EFBC}") = "ValueObject.SourceGenerator", "src\ValueObject.SourceGenerator\ValueObject.SourceGenerator.csproj", "{4CCB2611-0FBD-4A81-81DE-F893E2659809}"
EndProject
Project("{FAE04EC0-301F-11D3-BF4B-00C04F79EFBC}") = "ValueObject.Core", "src\ValueObject.Core\ValueObject.Core.csproj", "{B90883E6-060F-1A4C-7379-349C7BB5B120}"
EndProject
Project("{2150E333-8FDC-42A3-9474-1A3956D46DE8}") = "tests", "tests", "{B0A313B7-4573-4556-BE40-AAE6C577BD41}"
EndProject
Project("{FAE04EC0-301F-11D3-BF4B-00C04F79EFBC}") = "ValueObjectTests", "tests\ValueObjectTests\ValueObjectTests.csproj", "{60725B8C-D6B1-4698-8753-B341FCE6B035}"
EndProject
Project("{2150E333-8FDC-42A3-9474-1A3956D46DE8}") = "examples", "examples", "{CB10B4AF-236D-43B3-9E73-1546B7E2AF3A}"
EndProject
Project("{FAE04EC0-301F-11D3-BF4B-00C04F79EFBC}") = "EfCoreExample", "examples\EfCoreExample\EfCoreExample.csproj", "{2529A930-6269-4534-B5EA-4B9B75A0D543}"
EndProject
Project("{FAE04EC0-301F-11D3-BF4B-00C04F79EFBC}") = "AppHost", "examples\AppHost\AppHost.csproj", "{5E10141B-226E-4843-B3AB-06518EDC7786}"
EndProject
Project("{FAE04EC0-301F-11D3-BF4B-00C04F79EFBC}") = "ServiceDefaults", "examples\ServiceDefaults\ServiceDefaults.csproj", "{383456D8-426C-4704-955C-C72BAED540DB}"
EndProject
Project("{FAE04EC0-301F-11D3-BF4B-00C04F79EFBC}") = "MongoDbExample", "examples\MongoDbExample\MongoDbExample.csproj", "{B4DBAC00-8B10-4481-A950-51A4203586E4}"
EndProject
Project("{FAE04EC0-301F-11D3-BF4B-00C04F79EFBC}") = "AspConfig", "examples\AspConfig\AspConfig.csproj", "{88911A05-3AB3-4EC4-8F5F-D90F00789FC1}"
EndProject
Global
	GlobalSection(SolutionConfigurationPlatforms) = preSolution
		Debug|Any CPU = Debug|Any CPU
		Release|Any CPU = Release|Any CPU
	EndGlobalSection
	GlobalSection(ProjectConfigurationPlatforms) = postSolution
		{4CCB2611-0FBD-4A81-81DE-F893E2659809}.Debug|Any CPU.ActiveCfg = Debug|Any CPU
		{4CCB2611-0FBD-4A81-81DE-F893E2659809}.Debug|Any CPU.Build.0 = Debug|Any CPU
		{4CCB2611-0FBD-4A81-81DE-F893E2659809}.Release|Any CPU.ActiveCfg = Release|Any CPU
		{4CCB2611-0FBD-4A81-81DE-F893E2659809}.Release|Any CPU.Build.0 = Release|Any CPU
		{B90883E6-060F-1A4C-7379-349C7BB5B120}.Debug|Any CPU.ActiveCfg = Debug|Any CPU
		{B90883E6-060F-1A4C-7379-349C7BB5B120}.Debug|Any CPU.Build.0 = Debug|Any CPU
		{B90883E6-060F-1A4C-7379-349C7BB5B120}.Release|Any CPU.ActiveCfg = Release|Any CPU
		{B90883E6-060F-1A4C-7379-349C7BB5B120}.Release|Any CPU.Build.0 = Release|Any CPU
		{60725B8C-D6B1-4698-8753-B341FCE6B035}.Debug|Any CPU.ActiveCfg = Debug|Any CPU
		{60725B8C-D6B1-4698-8753-B341FCE6B035}.Debug|Any CPU.Build.0 = Debug|Any CPU
		{60725B8C-D6B1-4698-8753-B341FCE6B035}.Release|Any CPU.ActiveCfg = Release|Any CPU
		{60725B8C-D6B1-4698-8753-B341FCE6B035}.Release|Any CPU.Build.0 = Release|Any CPU
		{2529A930-6269-4534-B5EA-4B9B75A0D543}.Debug|Any CPU.ActiveCfg = Debug|Any CPU
		{2529A930-6269-4534-B5EA-4B9B75A0D543}.Debug|Any CPU.Build.0 = Debug|Any CPU
		{2529A930-6269-4534-B5EA-4B9B75A0D543}.Release|Any CPU.ActiveCfg = Release|Any CPU
		{2529A930-6269-4534-B5EA-4B9B75A0D543}.Release|Any CPU.Build.0 = Release|Any CPU
		{5E10141B-226E-4843-B3AB-06518EDC7786}.Debug|Any CPU.ActiveCfg = Debug|Any CPU
		{5E10141B-226E-4843-B3AB-06518EDC7786}.Debug|Any CPU.Build.0 = Debug|Any CPU
		{5E10141B-226E-4843-B3AB-06518EDC7786}.Release|Any CPU.ActiveCfg = Release|Any CPU
		{5E10141B-226E-4843-B3AB-06518EDC7786}.Release|Any CPU.Build.0 = Release|Any CPU
		{383456D8-426C-4704-955C-C72BAED540DB}.Debug|Any CPU.ActiveCfg = Debug|Any CPU
		{383456D8-426C-4704-955C-C72BAED540DB}.Debug|Any CPU.Build.0 = Debug|Any CPU
		{383456D8-426C-4704-955C-C72BAED540DB}.Release|Any CPU.ActiveCfg = Release|Any CPU
		{383456D8-426C-4704-955C-C72BAED540DB}.Release|Any CPU.Build.0 = Release|Any CPU
		{B4DBAC00-8B10-4481-A950-51A4203586E4}.Debug|Any CPU.ActiveCfg = Debug|Any CPU
		{B4DBAC00-8B10-4481-A950-51A4203586E4}.Debug|Any CPU.Build.0 = Debug|Any CPU
		{B4DBAC00-8B10-4481-A950-51A4203586E4}.Release|Any CPU.ActiveCfg = Release|Any CPU
		{B4DBAC00-8B10-4481-A950-51A4203586E4}.Release|Any CPU.Build.0 = Release|Any CPU
		{88911A05-3AB3-4EC4-8F5F-D90F00789FC1}.Debug|Any CPU.ActiveCfg = Debug|Any CPU
		{88911A05-3AB3-4EC4-8F5F-D90F00789FC1}.Debug|Any CPU.Build.0 = Debug|Any CPU
		{88911A05-3AB3-4EC4-8F5F-D90F00789FC1}.Release|Any CPU.ActiveCfg = Release|Any CPU
		{88911A05-3AB3-4EC4-8F5F-D90F00789FC1}.Release|Any CPU.Build.0 = Release|Any CPU
	EndGlobalSection
	GlobalSection(SolutionProperties) = preSolution
		HideSolutionNode = FALSE
	EndGlobalSection
	GlobalSection(NestedProjects) = preSolution
		{4CCB2611-0FBD-4A81-81DE-F893E2659809} = {0FEECE0F-34AA-4882-A306-8A14F9E40428}
		{B90883E6-060F-1A4C-7379-349C7BB5B120} = {0FEECE0F-34AA-4882-A306-8A14F9E40428}
		{60725B8C-D6B1-4698-8753-B341FCE6B035} = {B0A313B7-4573-4556-BE40-AAE6C577BD41}
		{2529A930-6269-4534-B5EA-4B9B75A0D543} = {CB10B4AF-236D-43B3-9E73-1546B7E2AF3A}
		{5E10141B-226E-4843-B3AB-06518EDC7786} = {CB10B4AF-236D-43B3-9E73-1546B7E2AF3A}
		{383456D8-426C-4704-955C-C72BAED540DB} = {CB10B4AF-236D-43B3-9E73-1546B7E2AF3A}
		{B4DBAC00-8B10-4481-A950-51A4203586E4} = {CB10B4AF-236D-43B3-9E73-1546B7E2AF3A}
		{88911A05-3AB3-4EC4-8F5F-D90F00789FC1} = {CB10B4AF-236D-43B3-9E73-1546B7E2AF3A}
	EndGlobalSection
	GlobalSection(ExtensibilityGlobals) = postSolution
		SolutionGuid = {74870755-819A-4B1E-AD03-9059F159FD2D}
	EndGlobalSection
EndGlobal
